// !$*UTF8*$!
{
	archiveVersion = 1;
	classes = {
	};
	objectVersion = 46;
	objects = {

/* Begin PBXBuildFile section */
		B46076851DF0112400C8472F /* AppDelegate.swift in Sources */ = {isa = PBXBuildFile; fileRef = B46076841DF0112400C8472F /* AppDelegate.swift */; };
		B46076871DF0112400C8472F /* ViewController.swift in Sources */ = {isa = PBXBuildFile; fileRef = B46076861DF0112400C8472F /* ViewController.swift */; };
		B460768A1DF0112400C8472F /* Main.storyboard in Resources */ = {isa = PBXBuildFile; fileRef = B46076881DF0112400C8472F /* Main.storyboard */; };
		B460768C1DF0112400C8472F /* Assets.xcassets in Resources */ = {isa = PBXBuildFile; fileRef = B460768B1DF0112400C8472F /* Assets.xcassets */; };
		B460768F1DF0112400C8472F /* LaunchScreen.storyboard in Resources */ = {isa = PBXBuildFile; fileRef = B460768D1DF0112400C8472F /* LaunchScreen.storyboard */; };
		B460769A1DF0112400C8472F /* BWiOSDevelopmentKitSwiftTests.swift in Sources */ = {isa = PBXBuildFile; fileRef = B46076991DF0112400C8472F /* BWiOSDevelopmentKitSwiftTests.swift */; };
		B46076A51DF0112400C8472F /* BWiOSDevelopmentKitSwiftUITests.swift in Sources */ = {isa = PBXBuildFile; fileRef = B46076A41DF0112400C8472F /* BWiOSDevelopmentKitSwiftUITests.swift */; };
/* End PBXBuildFile section */

/* Begin PBXContainerItemProxy section */
		B46076961DF0112400C8472F /* PBXContainerItemProxy */ = {
			isa = PBXContainerItemProxy;
			containerPortal = B46076791DF0112400C8472F /* Project object */;
			proxyType = 1;
			remoteGlobalIDString = B46076801DF0112400C8472F;
			remoteInfo = BWiOSDevelopmentKitSwift;
		};
		B46076A11DF0112400C8472F /* PBXContainerItemProxy */ = {
			isa = PBXContainerItemProxy;
			containerPortal = B46076791DF0112400C8472F /* Project object */;
			proxyType = 1;
			remoteGlobalIDString = B46076801DF0112400C8472F;
			remoteInfo = BWiOSDevelopmentKitSwift;
		};
/* End PBXContainerItemProxy section */

/* Begin PBXFileReference section */
		B46076811DF0112400C8472F /* BWiOSDevelopmentKitSwift.app */ = {isa = PBXFileReference; explicitFileType = wrapper.application; includeInIndex = 0; path = BWiOSDevelopmentKitSwift.app; sourceTree = BUILT_PRODUCTS_DIR; };
		B46076841DF0112400C8472F /* AppDelegate.swift */ = {isa = PBXFileReference; lastKnownFileType = sourcecode.swift; path = AppDelegate.swift; sourceTree = "<group>"; };
		B46076861DF0112400C8472F /* ViewController.swift */ = {isa = PBXFileReference; lastKnownFileType = sourcecode.swift; path = ViewController.swift; sourceTree = "<group>"; };
		B46076891DF0112400C8472F /* Base */ = {isa = PBXFileReference; lastKnownFileType = file.storyboard; name = Base; path = Base.lproj/Main.storyboard; sourceTree = "<group>"; };
		B460768B1DF0112400C8472F /* Assets.xcassets */ = {isa = PBXFileReference; lastKnownFileType = folder.assetcatalog; path = Assets.xcassets; sourceTree = "<group>"; };
		B460768E1DF0112400C8472F /* Base */ = {isa = PBXFileReference; lastKnownFileType = file.storyboard; name = Base; path = Base.lproj/LaunchScreen.storyboard; sourceTree = "<group>"; };
		B46076901DF0112400C8472F /* Info.plist */ = {isa = PBXFileReference; lastKnownFileType = text.plist.xml; path = Info.plist; sourceTree = "<group>"; };
		B46076951DF0112400C8472F /* BWiOSDevelopmentKitSwiftTests.xctest */ = {isa = PBXFileReference; explicitFileType = wrapper.cfbundle; includeInIndex = 0; path = BWiOSDevelopmentKitSwiftTests.xctest; sourceTree = BUILT_PRODUCTS_DIR; };
		B46076991DF0112400C8472F /* BWiOSDevelopmentKitSwiftTests.swift */ = {isa = PBXFileReference; lastKnownFileType = sourcecode.swift; path = BWiOSDevelopmentKitSwiftTests.swift; sourceTree = "<group>"; };
		B460769B1DF0112400C8472F /* Info.plist */ = {isa = PBXFileReference; lastKnownFileType = text.plist.xml; path = Info.plist; sourceTree = "<group>"; };
		B46076A01DF0112400C8472F /* BWiOSDevelopmentKitSwiftUITests.xctest */ = {isa = PBXFileReference; explicitFileType = wrapper.cfbundle; includeInIndex = 0; path = BWiOSDevelopmentKitSwiftUITests.xctest; sourceTree = BUILT_PRODUCTS_DIR; };
		B46076A41DF0112400C8472F /* BWiOSDevelopmentKitSwiftUITests.swift */ = {isa = PBXFileReference; lastKnownFileType = sourcecode.swift; path = BWiOSDevelopmentKitSwiftUITests.swift; sourceTree = "<group>"; };
		B46076A61DF0112400C8472F /* Info.plist */ = {isa = PBXFileReference; lastKnownFileType = text.plist.xml; path = Info.plist; sourceTree = "<group>"; };
/* End PBXFileReference section */

/* Begin PBXFrameworksBuildPhase section */
		B460767E1DF0112400C8472F /* Frameworks */ = {
			isa = PBXFrameworksBuildPhase;
			buildActionMask = 2147483647;
			files = (
			);
			runOnlyForDeploymentPostprocessing = 0;
		};
		B46076921DF0112400C8472F /* Frameworks */ = {
			isa = PBXFrameworksBuildPhase;
			buildActionMask = 2147483647;
			files = (
			);
			runOnlyForDeploymentPostprocessing = 0;
		};
		B460769D1DF0112400C8472F /* Frameworks */ = {
			isa = PBXFrameworksBuildPhase;
			buildActionMask = 2147483647;
			files = (
			);
			runOnlyForDeploymentPostprocessing = 0;
		};
/* End PBXFrameworksBuildPhase section */

/* Begin PBXGroup section */
		B46076781DF0112400C8472F = {
			isa = PBXGroup;
			children = (
				B46076831DF0112400C8472F /* BWiOSDevelopmentKitSwift */,
				B46076981DF0112400C8472F /* BWiOSDevelopmentKitSwiftTests */,
				B46076A31DF0112400C8472F /* BWiOSDevelopmentKitSwiftUITests */,
				B46076821DF0112400C8472F /* Products */,
			);
			sourceTree = "<group>";
		};
		B46076821DF0112400C8472F /* Products */ = {
			isa = PBXGroup;
			children = (
				B46076811DF0112400C8472F /* BWiOSDevelopmentKitSwift.app */,
				B46076951DF0112400C8472F /* BWiOSDevelopmentKitSwiftTests.xctest */,
				B46076A01DF0112400C8472F /* BWiOSDevelopmentKitSwiftUITests.xctest */,
			);
			name = Products;
			sourceTree = "<group>";
		};
		B46076831DF0112400C8472F /* BWiOSDevelopmentKitSwift */ = {
			isa = PBXGroup;
			children = (
				B46076841DF0112400C8472F /* AppDelegate.swift */,
				B46076861DF0112400C8472F /* ViewController.swift */,
				B46076881DF0112400C8472F /* Main.storyboard */,
				B460768B1DF0112400C8472F /* Assets.xcassets */,
				B460768D1DF0112400C8472F /* LaunchScreen.storyboard */,
				B46076901DF0112400C8472F /* Info.plist */,
			);
			path = BWiOSDevelopmentKitSwift;
			sourceTree = "<group>";
		};
		B46076981DF0112400C8472F /* BWiOSDevelopmentKitSwiftTests */ = {
			isa = PBXGroup;
			children = (
				B46076991DF0112400C8472F /* BWiOSDevelopmentKitSwiftTests.swift */,
				B460769B1DF0112400C8472F /* Info.plist */,
			);
			path = BWiOSDevelopmentKitSwiftTests;
			sourceTree = "<group>";
		};
		B46076A31DF0112400C8472F /* BWiOSDevelopmentKitSwiftUITests */ = {
			isa = PBXGroup;
			children = (
				B46076A41DF0112400C8472F /* BWiOSDevelopmentKitSwiftUITests.swift */,
				B46076A61DF0112400C8472F /* Info.plist */,
			);
			path = BWiOSDevelopmentKitSwiftUITests;
			sourceTree = "<group>";
		};
/* End PBXGroup section */

/* Begin PBXNativeTarget section */
		B46076801DF0112400C8472F /* BWiOSDevelopmentKitSwift */ = {
			isa = PBXNativeTarget;
			buildConfigurationList = B46076A91DF0112400C8472F /* Build configuration list for PBXNativeTarget "BWiOSDevelopmentKitSwift" */;
			buildPhases = (
				B460767D1DF0112400C8472F /* Sources */,
				B460767E1DF0112400C8472F /* Frameworks */,
				B460767F1DF0112400C8472F /* Resources */,
			);
			buildRules = (
			);
			dependencies = (
			);
			name = BWiOSDevelopmentKitSwift;
			productName = BWiOSDevelopmentKitSwift;
			productReference = B46076811DF0112400C8472F /* BWiOSDevelopmentKitSwift.app */;
			productType = "com.apple.product-type.application";
		};
		B46076941DF0112400C8472F /* BWiOSDevelopmentKitSwiftTests */ = {
			isa = PBXNativeTarget;
			buildConfigurationList = B46076AC1DF0112400C8472F /* Build configuration list for PBXNativeTarget "BWiOSDevelopmentKitSwiftTests" */;
			buildPhases = (
				B46076911DF0112400C8472F /* Sources */,
				B46076921DF0112400C8472F /* Frameworks */,
				B46076931DF0112400C8472F /* Resources */,
			);
			buildRules = (
			);
			dependencies = (
				B46076971DF0112400C8472F /* PBXTargetDependency */,
			);
			name = BWiOSDevelopmentKitSwiftTests;
			productName = BWiOSDevelopmentKitSwiftTests;
			productReference = B46076951DF0112400C8472F /* BWiOSDevelopmentKitSwiftTests.xctest */;
			productType = "com.apple.product-type.bundle.unit-test";
		};
		B460769F1DF0112400C8472F /* BWiOSDevelopmentKitSwiftUITests */ = {
			isa = PBXNativeTarget;
			buildConfigurationList = B46076AF1DF0112400C8472F /* Build configuration list for PBXNativeTarget "BWiOSDevelopmentKitSwiftUITests" */;
			buildPhases = (
				B460769C1DF0112400C8472F /* Sources */,
				B460769D1DF0112400C8472F /* Frameworks */,
				B460769E1DF0112400C8472F /* Resources */,
			);
			buildRules = (
			);
			dependencies = (
				B46076A21DF0112400C8472F /* PBXTargetDependency */,
			);
			name = BWiOSDevelopmentKitSwiftUITests;
			productName = BWiOSDevelopmentKitSwiftUITests;
			productReference = B46076A01DF0112400C8472F /* BWiOSDevelopmentKitSwiftUITests.xctest */;
			productType = "com.apple.product-type.bundle.ui-testing";
		};
/* End PBXNativeTarget section */

/* Begin PBXProject section */
		B46076791DF0112400C8472F /* Project object */ = {
			isa = PBXProject;
			attributes = {
				LastSwiftUpdateCheck = 0800;
				LastUpgradeCheck = 0800;
				ORGANIZATIONNAME = BobWongStudio;
				TargetAttributes = {
					B46076801DF0112400C8472F = {
						CreatedOnToolsVersion = 8.0;
						ProvisioningStyle = Manual;
					};
					B46076941DF0112400C8472F = {
						CreatedOnToolsVersion = 8.0;
						DevelopmentTeam = V3E8GUFW32;
						ProvisioningStyle = Automatic;
						TestTargetID = B46076801DF0112400C8472F;
					};
					B460769F1DF0112400C8472F = {
						CreatedOnToolsVersion = 8.0;
						DevelopmentTeam = V3E8GUFW32;
						ProvisioningStyle = Automatic;
						TestTargetID = B46076801DF0112400C8472F;
					};
				};
			};
			buildConfigurationList = B460767C1DF0112400C8472F /* Build configuration list for PBXProject "BWiOSDevelopmentKitSwift" */;
			compatibilityVersion = "Xcode 3.2";
			developmentRegion = English;
			hasScannedForEncodings = 0;
			knownRegions = (
				en,
				Base,
			);
			mainGroup = B46076781DF0112400C8472F;
			productRefGroup = B46076821DF0112400C8472F /* Products */;
			projectDirPath = "";
			projectRoot = "";
			targets = (
				B46076801DF0112400C8472F /* BWiOSDevelopmentKitSwift */,
				B46076941DF0112400C8472F /* BWiOSDevelopmentKitSwiftTests */,
				B460769F1DF0112400C8472F /* BWiOSDevelopmentKitSwiftUITests */,
			);
		};
/* End PBXProject section */

/* Begin PBXResourcesBuildPhase section */
		B460767F1DF0112400C8472F /* Resources */ = {
			isa = PBXResourcesBuildPhase;
			buildActionMask = 2147483647;
			files = (
				B460768F1DF0112400C8472F /* LaunchScreen.storyboard in Resources */,
				B460768C1DF0112400C8472F /* Assets.xcassets in Resources */,
				B460768A1DF0112400C8472F /* Main.storyboard in Resources */,
			);
			runOnlyForDeploymentPostprocessing = 0;
		};
		B46076931DF0112400C8472F /* Resources */ = {
			isa = PBXResourcesBuildPhase;
			buildActionMask = 2147483647;
			files = (
			);
			runOnlyForDeploymentPostprocessing = 0;
		};
		B460769E1DF0112400C8472F /* Resources */ = {
			isa = PBXResourcesBuildPhase;
			buildActionMask = 2147483647;
			files = (
			);
			runOnlyForDeploymentPostprocessing = 0;
		};
/* End PBXResourcesBuildPhase section */

/* Begin PBXSourcesBuildPhase section */
		B460767D1DF0112400C8472F /* Sources */ = {
			isa = PBXSourcesBuildPhase;
			buildActionMask = 2147483647;
			files = (
				B46076871DF0112400C8472F /* ViewController.swift in Sources */,
				B46076851DF0112400C8472F /* AppDelegate.swift in Sources */,
			);
			runOnlyForDeploymentPostprocessing = 0;
		};
		B46076911DF0112400C8472F /* Sources */ = {
			isa = PBXSourcesBuildPhase;
			buildActionMask = 2147483647;
			files = (
				B460769A1DF0112400C8472F /* BWiOSDevelopmentKitSwiftTests.swift in Sources */,
			);
			runOnlyForDeploymentPostprocessing = 0;
		};
		B460769C1DF0112400C8472F /* Sources */ = {
			isa = PBXSourcesBuildPhase;
			buildActionMask = 2147483647;
			files = (
				B46076A51DF0112400C8472F /* BWiOSDevelopmentKitSwiftUITests.swift in Sources */,
			);
			runOnlyForDeploymentPostprocessing = 0;
		};
/* End PBXSourcesBuildPhase section */

/* Begin PBXTargetDependency section */
		B46076971DF0112400C8472F /* PBXTargetDependency */ = {
			isa = PBXTargetDependency;
			target = B46076801DF0112400C8472F /* BWiOSDevelopmentKitSwift */;
			targetProxy = B46076961DF0112400C8472F /* PBXContainerItemProxy */;
		};
		B46076A21DF0112400C8472F /* PBXTargetDependency */ = {
			isa = PBXTargetDependency;
			target = B46076801DF0112400C8472F /* BWiOSDevelopmentKitSwift */;
			targetProxy = B46076A11DF0112400C8472F /* PBXContainerItemProxy */;
		};
/* End PBXTargetDependency section */

/* Begin PBXVariantGroup section */
		B46076881DF0112400C8472F /* Main.storyboard */ = {
			isa = PBXVariantGroup;
			children = (
				B46076891DF0112400C8472F /* Base */,
			);
			name = Main.storyboard;
			sourceTree = "<group>";
		};
		B460768D1DF0112400C8472F /* LaunchScreen.storyboard */ = {
			isa = PBXVariantGroup;
			children = (
				B460768E1DF0112400C8472F /* Base */,
			);
			name = LaunchScreen.storyboard;
			sourceTree = "<group>";
		};
/* End PBXVariantGroup section */

/* Begin XCBuildConfiguration section */
		B46076A71DF0112400C8472F /* Debug */ = {
			isa = XCBuildConfiguration;
			buildSettings = {
				ALWAYS_SEARCH_USER_PATHS = NO;
				CLANG_ANALYZER_NONNULL = YES;
				CLANG_CXX_LANGUAGE_STANDARD = "gnu++0x";
				CLANG_CXX_LIBRARY = "libc++";
				CLANG_ENABLE_MODULES = YES;
				CLANG_ENABLE_OBJC_ARC = YES;
				CLANG_WARN_BOOL_CONVERSION = YES;
				CLANG_WARN_CONSTANT_CONVERSION = YES;
				CLANG_WARN_DIRECT_OBJC_ISA_USAGE = YES_ERROR;
				CLANG_WARN_DOCUMENTATION_COMMENTS = YES;
				CLANG_WARN_EMPTY_BODY = YES;
				CLANG_WARN_ENUM_CONVERSION = YES;
				CLANG_WARN_INFINITE_RECURSION = YES;
				CLANG_WARN_INT_CONVERSION = YES;
				CLANG_WARN_OBJC_ROOT_CLASS = YES_ERROR;
				CLANG_WARN_SUSPICIOUS_MOVES = YES;
				CLANG_WARN_UNREACHABLE_CODE = YES;
				CLANG_WARN__DUPLICATE_METHOD_MATCH = YES;
				"CODE_SIGN_IDENTITY[sdk=iphoneos*]" = "iPhone Developer";
				COPY_PHASE_STRIP = NO;
				DEBUG_INFORMATION_FORMAT = dwarf;
				ENABLE_STRICT_OBJC_MSGSEND = YES;
				ENABLE_TESTABILITY = YES;
				GCC_C_LANGUAGE_STANDARD = gnu99;
				GCC_DYNAMIC_NO_PIC = NO;
				GCC_NO_COMMON_BLOCKS = YES;
				GCC_OPTIMIZATION_LEVEL = 0;
				GCC_PREPROCESSOR_DEFINITIONS = (
					"DEBUG=1",
					"$(inherited)",
				);
				GCC_WARN_64_TO_32_BIT_CONVERSION = YES;
				GCC_WARN_ABOUT_RETURN_TYPE = YES_ERROR;
				GCC_WARN_UNDECLARED_SELECTOR = YES;
				GCC_WARN_UNINITIALIZED_AUTOS = YES_AGGRESSIVE;
				GCC_WARN_UNUSED_FUNCTION = YES;
				GCC_WARN_UNUSED_VARIABLE = YES;
				IPHONEOS_DEPLOYMENT_TARGET = 10.0;
				MTL_ENABLE_DEBUG_INFO = YES;
				ONLY_ACTIVE_ARCH = YES;
				SDKROOT = iphoneos;
				SWIFT_ACTIVE_COMPILATION_CONDITIONS = DEBUG;
				SWIFT_OPTIMIZATION_LEVEL = "-Onone";
			};
			name = Debug;
		};
		B46076A81DF0112400C8472F /* Release */ = {
			isa = XCBuildConfiguration;
			buildSettings = {
				ALWAYS_SEARCH_USER_PATHS = NO;
				CLANG_ANALYZER_NONNULL = YES;
				CLANG_CXX_LANGUAGE_STANDARD = "gnu++0x";
				CLANG_CXX_LIBRARY = "libc++";
				CLANG_ENABLE_MODULES = YES;
				CLANG_ENABLE_OBJC_ARC = YES;
				CLANG_WARN_BOOL_CONVERSION = YES;
				CLANG_WARN_CONSTANT_CONVERSION = YES;
				CLANG_WARN_DIRECT_OBJC_ISA_USAGE = YES_ERROR;
				CLANG_WARN_DOCUMENTATION_COMMENTS = YES;
				CLANG_WARN_EMPTY_BODY = YES;
				CLANG_WARN_ENUM_CONVERSION = YES;
				CLANG_WARN_INFINITE_RECURSION = YES;
				CLANG_WARN_INT_CONVERSION = YES;
				CLANG_WARN_OBJC_ROOT_CLASS = YES_ERROR;
				CLANG_WARN_SUSPICIOUS_MOVES = YES;
				CLANG_WARN_UNREACHABLE_CODE = YES;
				CLANG_WARN__DUPLICATE_METHOD_MATCH = YES;
				"CODE_SIGN_IDENTITY[sdk=iphoneos*]" = "iPhone Developer";
				COPY_PHASE_STRIP = NO;
				DEBUG_INFORMATION_FORMAT = "dwarf-with-dsym";
				ENABLE_NS_ASSERTIONS = NO;
				ENABLE_STRICT_OBJC_MSGSEND = YES;
				GCC_C_LANGUAGE_STANDARD = gnu99;
				GCC_NO_COMMON_BLOCKS = YES;
				GCC_WARN_64_TO_32_BIT_CONVERSION = YES;
				GCC_WARN_ABOUT_RETURN_TYPE = YES_ERROR;
				GCC_WARN_UNDECLARED_SELECTOR = YES;
				GCC_WARN_UNINITIALIZED_AUTOS = YES_AGGRESSIVE;
				GCC_WARN_UNUSED_FUNCTION = YES;
				GCC_WARN_UNUSED_VARIABLE = YES;
				IPHONEOS_DEPLOYMENT_TARGET = 10.0;
				MTL_ENABLE_DEBUG_INFO = NO;
				SDKROOT = iphoneos;
				SWIFT_OPTIMIZATION_LEVEL = "-Owholemodule";
				VALIDATE_PRODUCT = YES;
			};
			name = Release;
		};
		B46076AA1DF0112400C8472F /* Debug */ = {
			isa = XCBuildConfiguration;
			buildSettings = {
				ASSETCATALOG_COMPILER_APPICON_NAME = AppIcon;
				DEVELOPMENT_TEAM = "";
				INFOPLIST_FILE = BWiOSDevelopmentKitSwift/Info.plist;
				IPHONEOS_DEPLOYMENT_TARGET = 7.0;
				LD_RUNPATH_SEARCH_PATHS = "$(inherited) @executable_path/Frameworks";
				PRODUCT_BUNDLE_IDENTIFIER = com.bws.BWiOSDevelopmentKitSwift;
				PRODUCT_NAME = "$(TARGET_NAME)";
				SWIFT_VERSION = 3.0;
			};
			name = Debug;
		};
		B46076AB1DF0112400C8472F /* Release */ = {
			isa = XCBuildConfiguration;
			buildSettings = {
				ASSETCATALOG_COMPILER_APPICON_NAME = AppIcon;
				DEVELOPMENT_TEAM = "";
				INFOPLIST_FILE = BWiOSDevelopmentKitSwift/Info.plist;
				IPHONEOS_DEPLOYMENT_TARGET = 7.0;
				LD_RUNPATH_SEARCH_PATHS = "$(inherited) @executable_path/Frameworks";
				PRODUCT_BUNDLE_IDENTIFIER = com.bws.BWiOSDevelopmentKitSwift;
				PRODUCT_NAME = "$(TARGET_NAME)";
				SWIFT_VERSION = 3.0;
			};
			name = Release;
		};
		B46076AD1DF0112400C8472F /* Debug */ = {
			isa = XCBuildConfiguration;
			buildSettings = {
				ALWAYS_EMBED_SWIFT_STANDARD_LIBRARIES = YES;
				BUNDLE_LOADER = "$(TEST_HOST)";
				DEVELOPMENT_TEAM = V3E8GUFW32;
				INFOPLIST_FILE = BWiOSDevelopmentKitSwiftTests/Info.plist;
				LD_RUNPATH_SEARCH_PATHS = "$(inherited) @executable_path/Frameworks @loader_path/Frameworks";
				PRODUCT_BUNDLE_IDENTIFIER = com.bws.BWiOSDevelopmentKitSwiftTests;
				PRODUCT_NAME = "$(TARGET_NAME)";
				SWIFT_VERSION = 3.0;
				TEST_HOST = "$(BUILT_PRODUCTS_DIR)/BWiOSDevelopmentKitSwift.app/BWiOSDevelopmentKitSwift";
			};
			name = Debug;
		};
		B46076AE1DF0112400C8472F /* Release */ = {
			isa = XCBuildConfiguration;
			buildSettings = {
				ALWAYS_EMBED_SWIFT_STANDARD_LIBRARIES = YES;
				BUNDLE_LOADER = "$(TEST_HOST)";
				DEVELOPMENT_TEAM = V3E8GUFW32;
				INFOPLIST_FILE = BWiOSDevelopmentKitSwiftTests/Info.plist;
				LD_RUNPATH_SEARCH_PATHS = "$(inherited) @executable_path/Frameworks @loader_path/Frameworks";
				PRODUCT_BUNDLE_IDENTIFIER = com.bws.BWiOSDevelopmentKitSwiftTests;
				PRODUCT_NAME = "$(TARGET_NAME)";
				SWIFT_VERSION = 3.0;
				TEST_HOST = "$(BUILT_PRODUCTS_DIR)/BWiOSDevelopmentKitSwift.app/BWiOSDevelopmentKitSwift";
			};
			name = Release;
		};
		B46076B01DF0112400C8472F /* Debug */ = {
			isa = XCBuildConfiguration;
			buildSettings = {
				ALWAYS_EMBED_SWIFT_STANDARD_LIBRARIES = YES;
				DEVELOPMENT_TEAM = V3E8GUFW32;
				INFOPLIST_FILE = BWiOSDevelopmentKitSwiftUITests/Info.plist;
				LD_RUNPATH_SEARCH_PATHS = "$(inherited) @executable_path/Frameworks @loader_path/Frameworks";
				PRODUCT_BUNDLE_IDENTIFIER = com.bws.BWiOSDevelopmentKitSwiftUITests;
				PRODUCT_NAME = "$(TARGET_NAME)";
				SWIFT_VERSION = 3.0;
				TEST_TARGET_NAME = BWiOSDevelopmentKitSwift;
			};
			name = Debug;
		};
		B46076B11DF0112400C8472F /* Release */ = {
			isa = XCBuildConfiguration;
			buildSettings = {
				ALWAYS_EMBED_SWIFT_STANDARD_LIBRARIES = YES;
				DEVELOPMENT_TEAM = V3E8GUFW32;
				INFOPLIST_FILE = BWiOSDevelopmentKitSwiftUITests/Info.plist;
				LD_RUNPATH_SEARCH_PATHS = "$(inherited) @executable_path/Frameworks @loader_path/Frameworks";
				PRODUCT_BUNDLE_IDENTIFIER = com.bws.BWiOSDevelopmentKitSwiftUITests;
				PRODUCT_NAME = "$(TARGET_NAME)";
				SWIFT_VERSION = 3.0;
				TEST_TARGET_NAME = BWiOSDevelopmentKitSwift;
			};
			name = Release;
		};
/* End XCBuildConfiguration section */

/* Begin XCConfigurationList section */
		B460767C1DF0112400C8472F /* Build configuration list for PBXProject "BWiOSDevelopmentKitSwift" */ = {
			isa = XCConfigurationList;
			buildConfigurations = (
				B46076A71DF0112400C8472F /* Debug */,
				B46076A81DF0112400C8472F /* Release */,
			);
			defaultConfigurationIsVisible = 0;
			defaultConfigurationName = Release;
		};
		B46076A91DF0112400C8472F /* Build configuration list for PBXNativeTarget "BWiOSDevelopmentKitSwift" */ = {
			isa = XCConfigurationList;
			buildConfigurations = (
				B46076AA1DF0112400C8472F /* Debug */,
				B46076AB1DF0112400C8472F /* Release */,
			);
			defaultConfigurationIsVisible = 0;
		};
		B46076AC1DF0112400C8472F /* Build configuration list for PBXNativeTarget "BWiOSDevelopmentKitSwiftTests" */ = {
			isa = XCConfigurationList;
			buildConfigurations = (
				B46076AD1DF0112400C8472F /* Debug */,
				B46076AE1DF0112400C8472F /* Release */,
			);
			defaultConfigurationIsVisible = 0;
		};
		B46076AF1DF0112400C8472F /* Build configuration list for PBXNativeTarget "BWiOSDevelopmentKitSwiftUITests" */ = {
			isa = XCConfigurationList;
			buildConfigurations = (
				B46076B01DF0112400C8472F /* Debug */,
				B46076B11DF0112400C8472F /* Release */,
			);
			defaultConfigurationIsVisible = 0;
		};
/* End XCConfigurationList section */
	};
	rootObject = B46076791DF0112400C8472F /* Project object */;
}
